
Microsoft Visual Studio Solution File, Format Version 10.00
# Visual Studio 2008
Project("{FAE04EC0-301F-11D3-BF4B-00C04F79EFBC}") = "dotlessVS.Tests", "dotlessVS.Tests\dotlessVS.Tests.csproj", "{CD898EF7-2416-4DC1-9939-52FCCD246B7E}"
EndProject
Project("{FAE04EC0-301F-11D3-BF4B-00C04F79EFBC}") = "DotLessIntegration", "dotlessVS.Core\DotLessIntegration.csproj", "{1AB64ACD-603E-4FC3-8B8D-30330EAC123E}"
EndProject
Global
	GlobalSection(SolutionConfigurationPlatforms) = preSolution
		Debug|Any CPU = Debug|Any CPU
		Release|Any CPU = Release|Any CPU
	EndGlobalSection
	GlobalSection(ProjectConfigurationPlatforms) = postSolution
		{CD898EF7-2416-4DC1-9939-52FCCD246B7E}.Debug|Any CPU.ActiveCfg = Debug|Any CPU
		{CD898EF7-2416-4DC1-9939-52FCCD246B7E}.Debug|Any CPU.Build.0 = Debug|Any CPU
		{CD898EF7-2416-4DC1-9939-52FCCD246B7E}.Release|Any CPU.ActiveCfg = Release|Any CPU
		{CD898EF7-2416-4DC1-9939-52FCCD246B7E}.Release|Any CPU.Build.0 = Release|Any CPU
		{1AB64ACD-603E-4FC3-8B8D-30330EAC123E}.Debug|Any CPU.ActiveCfg = Debug|Any CPU
		{1AB64ACD-603E-4FC3-8B8D-30330EAC123E}.Debug|Any CPU.Build.0 = Debug|Any CPU
		{1AB64ACD-603E-4FC3-8B8D-30330EAC123E}.Release|Any CPU.ActiveCfg = Release|Any CPU
		{1AB64ACD-603E-4FC3-8B8D-30330EAC123E}.Release|Any CPU.Build.0 = Release|Any CPU
	EndGlobalSection
	GlobalSection(SolutionProperties) = preSolution
		HideSolutionNode = FALSE
	EndGlobalSection
EndGlobal
